
Microsoft Visual Studio Solution File, Format Version 12.00
# Visual Studio Version 17
VisualStudioVersion = 17.9.34723.18
MinimumVisualStudioVersion = 10.0.40219.1
Project("{FAE04EC0-301F-11D3-BF4B-00C04F79EFBC}") = "Client SS", "Client SS\Client SS.csproj", "{3F2C57F1-CFF8-4E91-8A79-905243D4DD29}"
EndProject
Project("{FAE04EC0-301F-11D3-BF4B-00C04F79EFBC}") = "Listener SS", "Listener SS\Listener SS.csproj", "{4AE76BE1-C8AA-49B3-83BA-D242B7035D34}"
EndProject
Global
	GlobalSection(SolutionConfigurationPlatforms) = preSolution
		Debug|Any CPU = Debug|Any CPU
		Release|Any CPU = Release|Any CPU
	EndGlobalSection
	GlobalSection(ProjectConfigurationPlatforms) = postSolution
		{3F2C57F1-CFF8-4E91-8A79-905243D4DD29}.Debug|Any CPU.ActiveCfg = Debug|Any CPU
		{3F2C57F1-CFF8-4E91-8A79-905243D4DD29}.Debug|Any CPU.Build.0 = Debug|Any CPU
		{3F2C57F1-CFF8-4E91-8A79-905243D4DD29}.Release|Any CPU.ActiveCfg = Release|Any CPU
		{3F2C57F1-CFF8-4E91-8A79-905243D4DD29}.Release|Any CPU.Build.0 = Release|Any CPU
		{4AE76BE1-C8AA-49B3-83BA-D242B7035D34}.Debug|Any CPU.ActiveCfg = Debug|Any CPU
		{4AE76BE1-C8AA-49B3-83BA-D242B7035D34}.Debug|Any CPU.Build.0 = Debug|Any CPU
		{4AE76BE1-C8AA-49B3-83BA-D242B7035D34}.Release|Any CPU.ActiveCfg = Release|Any CPU
		{4AE76BE1-C8AA-49B3-83BA-D242B7035D34}.Release|Any CPU.Build.0 = Release|Any CPU
	EndGlobalSection
	GlobalSection(SolutionProperties) = preSolution
		HideSolutionNode = FALSE
	EndGlobalSection
	GlobalSection(ExtensibilityGlobals) = postSolution
		SolutionGuid = {43F74807-228B-4D90-BDB6-617DCD5F2235}
	EndGlobalSection
EndGlobal
